
Microsoft Visual Studio Solution File, Format Version 12.00
# Visual Studio Version 17
VisualStudioVersion = 17.11.35303.130
MinimumVisualStudioVersion = 10.0.40219.1
Project("{E53339B2-1760-4266-BCC7-CA923CBCF16C}") = "docker-compose", "docker-compose.dcproj", "{301CF285-A4A3-4231-8120-828B0725264D}"
EndProject
Project("{2150E333-8FDC-42A3-9474-1A3956D46DE8}") = "Solution Items", "Solution Items", "{2DBDC1F2-D46B-49B9-8A76-DB089F742B92}"
	ProjectSection(SolutionItems) = preProject
		.editorconfig = .editorconfig
	EndProjectSection
EndProject
Project("{FAE04EC0-301F-11D3-BF4B-00C04F79EFBC}") = "PetFamily.Tools", "src\PetFamily.Tools\PetFamily.Tools.csproj", "{0C2A4784-CC66-7901-29F1-D56A6DF2B4BD}"
EndProject
Project("{FAE04EC0-301F-11D3-BF4B-00C04F79EFBC}") = "PetFamily.IntegrationTests", "tests\PetFamily.IntegrationTests\PetFamily.IntegrationTests.csproj", "{85B50E7E-5C6B-4880-9170-569E8157CC53}"
EndProject
Project("{FAE04EC0-301F-11D3-BF4B-00C04F79EFBC}") = "PetFamily.Application.Tests", "tests\PetFamily.Application.Tests\PetFamily.Application.Tests.csproj", "{67A03C5E-4E15-A1B5-DBFD-9852A582DCD1}"
EndProject
Project("{FAE04EC0-301F-11D3-BF4B-00C04F79EFBC}") = "PetFamily.Domain.Tests", "tests\PetFamily.Domain.Tests\PetFamily.Domain.Tests.csproj", "{EF5EDFF7-7D92-78CB-306C-37FD02D1F647}"
EndProject
Project("{2150E333-8FDC-42A3-9474-1A3956D46DE8}") = "Shared", "Shared", "{02EA681E-C7D8-13C7-8484-4AC65E1B71E8}"
EndProject
Project("{2150E333-8FDC-42A3-9474-1A3956D46DE8}") = "Modules", "Modules", "{53BA7B17-9DD4-43FD-BA83-5F459ED9BDE9}"
EndProject
Project("{2150E333-8FDC-42A3-9474-1A3956D46DE8}") = "PetSpecies", "PetSpecies", "{9E01ABD0-A819-48BD-A132-1D32766E4ADA}"
EndProject
Project("{FAE04EC0-301F-11D3-BF4B-00C04F79EFBC}") = "PetSpecies.Application", "src\Modules\PetSpecies\PetSpecies.Application\PetSpecies.Application.csproj", "{3822E3DB-E19D-418A-ABD3-2FC0B7B0B2B1}"
EndProject
Project("{FAE04EC0-301F-11D3-BF4B-00C04F79EFBC}") = "PetSpecies.Domain", "src\Modules\PetSpecies\PetSpecies.Domain\PetSpecies.Domain.csproj", "{9E82FDDA-05A2-3D2F-D485-8EF27BCD1E3C}"
EndProject
Project("{FAE04EC0-301F-11D3-BF4B-00C04F79EFBC}") = "PetSpecies.Public", "src\Modules\PetSpecies\PetSpecies.Public\PetSpecies.Public.csproj", "{80166C97-69BC-8C2A-A3F7-A8BF9B0A11DB}"
EndProject
Project("{FAE04EC0-301F-11D3-BF4B-00C04F79EFBC}") = "PetSpecies.Infrastructure", "src\Modules\PetSpecies\PetSpecies.Infrastructure\PetSpecies.Infrastructure.csproj", "{E124BBA7-751B-4635-AADB-52A090957E15}"
EndProject
Project("{2150E333-8FDC-42A3-9474-1A3956D46DE8}") = "FileStorage", "FileStorage", "{136FEEDB-CDDB-48C6-8ACB-2E6AD24FE1E2}"
EndProject
Project("{2150E333-8FDC-42A3-9474-1A3956D46DE8}") = "Volunteers", "Volunteers", "{415B311D-69F6-449E-8C01-149048EF0B73}"
EndProject
Project("{FAE04EC0-301F-11D3-BF4B-00C04F79EFBC}") = "Volunteers.Application", "src\Modules\Volunteer\Volunteers.Application\Volunteers.Application.csproj", "{7332BA97-2030-373E-3A03-E6A2EBE98EDD}"
EndProject
Project("{FAE04EC0-301F-11D3-BF4B-00C04F79EFBC}") = "Volunteers.Domain", "src\Modules\Volunteer\Volunteers.Domain\Volunteers.Domain.csproj", "{F8F472C3-8DFA-843D-B34F-BF8EB1AEC2D1}"
EndProject
Project("{FAE04EC0-301F-11D3-BF4B-00C04F79EFBC}") = "Volunteers.Public", "src\Modules\Volunteer\Volunteers.Public\Volunteers.Public.csproj", "{BFB7E9BC-44F0-9B28-5838-C13215F745C5}"
EndProject
Project("{FAE04EC0-301F-11D3-BF4B-00C04F79EFBC}") = "Volunteers.Infrastructure", "src\Modules\Volunteer\Volunteers.Infrastructure\Volunteers.Infrastructure.csproj", "{C38472D3-1A0C-4CC3-BB8A-CD2D6E373B5B}"
EndProject
Project("{2150E333-8FDC-42A3-9474-1A3956D46DE8}") = "Tests", "Tests", "{142E0533-693A-4D9B-8CB7-031F71D9CF68}"
EndProject
Project("{FAE04EC0-301F-11D3-BF4B-00C04F79EFBC}") = "PetFamily.SharedKernel", "src\Shared\PetFamily.SharedKernel\PetFamily.SharedKernel.csproj", "{7A683055-5F54-E68B-5323-3F62944210D6}"
EndProject
Project("{FAE04EC0-301F-11D3-BF4B-00C04F79EFBC}") = "PetFamily.Host.Api", "src\PetFamily.Host.Api\PetFamily.Host.Api.csproj", "{9F91780A-6A5E-4113-A58B-3785C83647C6}"
EndProject
Project("{FAE04EC0-301F-11D3-BF4B-00C04F79EFBC}") = "PetSpecies.Presentation", "src\Modules\PetSpecies\PetSpecies.Presentation\PetSpecies.Presentation.csproj", "{76AE11BA-2823-4C51-91F9-3EED9E24AC82}"
EndProject
Project("{2150E333-8FDC-42A3-9474-1A3956D46DE8}") = "Diagrams", "Diagrams", "{1BA56733-20DE-4254-ABEB-1CD618C2236A}"
EndProject
Project("{FAE04EC0-301F-11D3-BF4B-00C04F79EFBC}") = "Volunteers.Presentation", "src\Modules\Volunteer\Volunteers.Presentation\Volunteers.Presentation.csproj", "{7D3A33F6-8F23-1777-4B32-09649A9131CC}"
EndProject
Project("{FAE04EC0-301F-11D3-BF4B-00C04F79EFBC}") = "PetFamily.Framework", "src\Shared\PetFamily.Framework\PetFamily.Framework.csproj", "{D6E79B92-0349-14DA-9C9B-55069D505C1E}"
EndProject
Project("{FAE04EC0-301F-11D3-BF4B-00C04F79EFBC}") = "PetFamily.SharedApplication", "src\Shared\PetFamily.SharedApplication\PetFamily.SharedApplication.csproj", "{6D373065-DC0E-959D-A0A9-506668929C3E}"
EndProject
Project("{FAE04EC0-301F-11D3-BF4B-00C04F79EFBC}") = "PetFamily.SharedInfrastructure", "src\Shared\PetFamily.SharedInfrastructure\PetFamily.SharedInfrastructure.csproj", "{4FA8FF53-2D17-4DAE-A005-BD74F93C8128}"
EndProject
Project("{2150E333-8FDC-42A3-9474-1A3956D46DE8}") = "Auth", "Auth", "{6C7138A0-DCF8-48CE-AB85-F22A72DED07C}"
EndProject
Project("{2150E333-8FDC-42A3-9474-1A3956D46DE8}") = "VolunteerRequests", "VolunteerRequests", "{148BBF4A-1B4C-48A3-A10C-31099EE6FF17}"
EndProject
Project("{2150E333-8FDC-42A3-9474-1A3956D46DE8}") = "Discussions", "Discussions", "{77CB0979-2D76-4ED8-83DA-E922C129E231}"
EndProject
Project("{FAE04EC0-301F-11D3-BF4B-00C04F79EFBC}") = "PetFamily.Discussion.Domain", "src\Modules\Discussions\PetFamily.Disscussion.Domain\PetFamily.Discussion.Domain.csproj", "{AF4126CA-EFD0-4B2C-BF39-B892B8D707BE}"
EndProject
Project("{FAE04EC0-301F-11D3-BF4B-00C04F79EFBC}") = "PetFamily.VolunteerRequests.Application", "src\Modules\VolunteerRequests\PetFamily.VolunteerRequests.Application\PetFamily.VolunteerRequests.Application.csproj", "{E1DB3175-E3EC-8E62-FE46-5AA636C1D0E2}"
EndProject
Project("{FAE04EC0-301F-11D3-BF4B-00C04F79EFBC}") = "PetFamily.VolunteerRequests.Public", "src\Modules\VolunteerRequests\PetFamily.VolunteerRequests.Public\PetFamily.VolunteerRequests.Public.csproj", "{CBFCA849-5DC9-C98B-C32A-9FBCF90A56B9}"
EndProject
Project("{FAE04EC0-301F-11D3-BF4B-00C04F79EFBC}") = "PetFamily.VolunteerRequests.Domain", "src\Modules\VolunteerRequests\PetFamily.VolunteerRequests.Domain\PetFamily.VolunteerRequests.Domain.csproj", "{4086666D-38E4-1DC1-AC5F-6E1645042AB8}"
EndProject
Project("{FAE04EC0-301F-11D3-BF4B-00C04F79EFBC}") = "PetFamily.Discussions.Public", "src\Modules\Discussions\PetFamily.Discussions.Public\PetFamily.Discussions.Public.csproj", "{D303835C-E278-459E-8BE9-EC51ECEBDC88}"
EndProject
Project("{FAE04EC0-301F-11D3-BF4B-00C04F79EFBC}") = "PetFamily.VolunteerRequests.Infrastructure", "src\Modules\VolunteerRequests\PetFamily.VolunteerRequests.Infrastructure\PetFamily.VolunteerRequests.Infrastructure.csproj", "{E2C962BC-02D2-4923-A1FB-5275AE7DF925}"
EndProject
Project("{FAE04EC0-301F-11D3-BF4B-00C04F79EFBC}") = "PetFamily.VolunteerRequest.Presentation", "src\Modules\VolunteerRequests\PetFamily.VolunteerRequest.Presentation\PetFamily.VolunteerRequest.Presentation.csproj", "{9E2346B0-9AD8-47C6-9D36-D160DDF63FC6}"
EndProject
Project("{FAE04EC0-301F-11D3-BF4B-00C04F79EFBC}") = "PetFamily.Discussions.Infrastructure", "src\Modules\Discussions\PetFamily.Discussions.Infrastructure\PetFamily.Discussions.Infrastructure.csproj", "{82A581AC-CC2B-48F8-BCC7-04452E67728C}"
EndProject
Project("{2150E333-8FDC-42A3-9474-1A3956D46DE8}") = "BuildingBlocks", "BuildingBlocks", "{54EB9146-8C6C-4372-BB2E-72673A60BB95}"
EndProject
Project("{FAE04EC0-301F-11D3-BF4B-00C04F79EFBC}") = "PetFamily.Auth.Application", "src\BuildingBlocks\Auth\PetFamily.Auth.Application\PetFamily.Auth.Application.csproj", "{F21B4B23-6E7F-7147-6A18-99364CD1E7A5}"
EndProject
Project("{FAE04EC0-301F-11D3-BF4B-00C04F79EFBC}") = "PetFamily.Auth.Domain", "src\BuildingBlocks\Auth\PetFamily.Auth.Domain\PetFamily.Auth.Domain.csproj", "{D02EC00C-B95A-59B1-075C-CDFB467D5884}"
EndProject
Project("{FAE04EC0-301F-11D3-BF4B-00C04F79EFBC}") = "PetFamily.Auth.Infrastructure", "src\BuildingBlocks\Auth\PetFamily.Auth.Infrastructure\PetFamily.Auth.Infrastructure.csproj", "{E1937E7A-162B-7C3B-A241-3ACB5CDA8239}"
EndProject
Project("{FAE04EC0-301F-11D3-BF4B-00C04F79EFBC}") = "PetFamily.Auth.Public", "src\BuildingBlocks\Auth\PetFamily.Auth.Public\PetFamily.Auth.Public.csproj", "{01CFB202-747B-78FD-64FD-0CC52CDCA40D}"
EndProject
Project("{FAE04EC0-301F-11D3-BF4B-00C04F79EFBC}") = "PetFamily.Auth.Presentation", "src\BuildingBlocks\Auth\PetFamily.Auth.Presentation\PetFamily.Auth.Presentation.csproj", "{E85BDB13-FCB7-5AFC-36B2-DC421382AC93}"
EndProject
Project("{FAE04EC0-301F-11D3-BF4B-00C04F79EFBC}") = "FileStorage.Public", "src\BuildingBlocks\FileStorage\FileStorage.Public\FileStorage.Public.csproj", "{4586B4B6-949B-744B-A4FE-E7293033E65A}"
EndProject
Project("{FAE04EC0-301F-11D3-BF4B-00C04F79EFBC}") = "FileStorage.Application", "src\BuildingBlocks\FileStorage\FileStorage.Application\FileStorage.Application.csproj", "{521CCA08-26EE-3D71-5684-073FDCB25BB5}"
EndProject
Project("{FAE04EC0-301F-11D3-BF4B-00C04F79EFBC}") = "FileStorage.Infrastructure", "src\BuildingBlocks\FileStorage\FileStorage.Infrastructure\FileStorage.Infrastructure.csproj", "{847523C6-4D26-E1CC-AF45-07BF9101823D}"
EndProject
Project("{FAE04EC0-301F-11D3-BF4B-00C04F79EFBC}") = "FileStorage.SharedFramework", "src\BuildingBlocks\FileStorage\FileStorage.SharedFramework\FileStorage.SharedFramework.csproj", "{4EC38CFE-9309-CA90-CBFD-A2CBF42CD2E1}"
EndProject
Project("{FAE04EC0-301F-11D3-BF4B-00C04F79EFBC}") = "FileStorage.Presentation", "src\BuildingBlocks\FileStorage\FileStorage.Presentation\FileStorage.Presentation.csproj", "{1ADCDE35-11E0-220C-16EB-EC59BC8B0BB5}"
EndProject
Global
	GlobalSection(SolutionConfigurationPlatforms) = preSolution
		Debug|Any CPU = Debug|Any CPU
		Release|Any CPU = Release|Any CPU
	EndGlobalSection
	GlobalSection(ProjectConfigurationPlatforms) = postSolution
		{301CF285-A4A3-4231-8120-828B0725264D}.Debug|Any CPU.ActiveCfg = Debug|Any CPU
		{301CF285-A4A3-4231-8120-828B0725264D}.Debug|Any CPU.Build.0 = Debug|Any CPU
		{301CF285-A4A3-4231-8120-828B0725264D}.Release|Any CPU.ActiveCfg = Release|Any CPU
		{301CF285-A4A3-4231-8120-828B0725264D}.Release|Any CPU.Build.0 = Release|Any CPU
		{0C2A4784-CC66-7901-29F1-D56A6DF2B4BD}.Debug|Any CPU.ActiveCfg = Debug|Any CPU
		{0C2A4784-CC66-7901-29F1-D56A6DF2B4BD}.Debug|Any CPU.Build.0 = Debug|Any CPU
		{0C2A4784-CC66-7901-29F1-D56A6DF2B4BD}.Release|Any CPU.ActiveCfg = Release|Any CPU
		{0C2A4784-CC66-7901-29F1-D56A6DF2B4BD}.Release|Any CPU.Build.0 = Release|Any CPU
		{85B50E7E-5C6B-4880-9170-569E8157CC53}.Debug|Any CPU.ActiveCfg = Debug|Any CPU
		{85B50E7E-5C6B-4880-9170-569E8157CC53}.Debug|Any CPU.Build.0 = Debug|Any CPU
		{85B50E7E-5C6B-4880-9170-569E8157CC53}.Release|Any CPU.ActiveCfg = Release|Any CPU
		{85B50E7E-5C6B-4880-9170-569E8157CC53}.Release|Any CPU.Build.0 = Release|Any CPU
		{67A03C5E-4E15-A1B5-DBFD-9852A582DCD1}.Debug|Any CPU.ActiveCfg = Debug|Any CPU
		{67A03C5E-4E15-A1B5-DBFD-9852A582DCD1}.Debug|Any CPU.Build.0 = Debug|Any CPU
		{67A03C5E-4E15-A1B5-DBFD-9852A582DCD1}.Release|Any CPU.ActiveCfg = Release|Any CPU
		{67A03C5E-4E15-A1B5-DBFD-9852A582DCD1}.Release|Any CPU.Build.0 = Release|Any CPU
		{EF5EDFF7-7D92-78CB-306C-37FD02D1F647}.Debug|Any CPU.ActiveCfg = Debug|Any CPU
		{EF5EDFF7-7D92-78CB-306C-37FD02D1F647}.Debug|Any CPU.Build.0 = Debug|Any CPU
		{EF5EDFF7-7D92-78CB-306C-37FD02D1F647}.Release|Any CPU.ActiveCfg = Release|Any CPU
		{EF5EDFF7-7D92-78CB-306C-37FD02D1F647}.Release|Any CPU.Build.0 = Release|Any CPU
		{3822E3DB-E19D-418A-ABD3-2FC0B7B0B2B1}.Debug|Any CPU.ActiveCfg = Debug|Any CPU
		{3822E3DB-E19D-418A-ABD3-2FC0B7B0B2B1}.Debug|Any CPU.Build.0 = Debug|Any CPU
		{3822E3DB-E19D-418A-ABD3-2FC0B7B0B2B1}.Release|Any CPU.ActiveCfg = Release|Any CPU
		{3822E3DB-E19D-418A-ABD3-2FC0B7B0B2B1}.Release|Any CPU.Build.0 = Release|Any CPU
		{9E82FDDA-05A2-3D2F-D485-8EF27BCD1E3C}.Debug|Any CPU.ActiveCfg = Debug|Any CPU
		{9E82FDDA-05A2-3D2F-D485-8EF27BCD1E3C}.Debug|Any CPU.Build.0 = Debug|Any CPU
		{9E82FDDA-05A2-3D2F-D485-8EF27BCD1E3C}.Release|Any CPU.ActiveCfg = Release|Any CPU
		{9E82FDDA-05A2-3D2F-D485-8EF27BCD1E3C}.Release|Any CPU.Build.0 = Release|Any CPU
		{80166C97-69BC-8C2A-A3F7-A8BF9B0A11DB}.Debug|Any CPU.ActiveCfg = Debug|Any CPU
		{80166C97-69BC-8C2A-A3F7-A8BF9B0A11DB}.Debug|Any CPU.Build.0 = Debug|Any CPU
		{80166C97-69BC-8C2A-A3F7-A8BF9B0A11DB}.Release|Any CPU.ActiveCfg = Release|Any CPU
		{80166C97-69BC-8C2A-A3F7-A8BF9B0A11DB}.Release|Any CPU.Build.0 = Release|Any CPU
		{E124BBA7-751B-4635-AADB-52A090957E15}.Debug|Any CPU.ActiveCfg = Debug|Any CPU
		{E124BBA7-751B-4635-AADB-52A090957E15}.Debug|Any CPU.Build.0 = Debug|Any CPU
		{E124BBA7-751B-4635-AADB-52A090957E15}.Release|Any CPU.ActiveCfg = Release|Any CPU
		{E124BBA7-751B-4635-AADB-52A090957E15}.Release|Any CPU.Build.0 = Release|Any CPU
		{7332BA97-2030-373E-3A03-E6A2EBE98EDD}.Debug|Any CPU.ActiveCfg = Debug|Any CPU
		{7332BA97-2030-373E-3A03-E6A2EBE98EDD}.Debug|Any CPU.Build.0 = Debug|Any CPU
		{7332BA97-2030-373E-3A03-E6A2EBE98EDD}.Release|Any CPU.ActiveCfg = Release|Any CPU
		{7332BA97-2030-373E-3A03-E6A2EBE98EDD}.Release|Any CPU.Build.0 = Release|Any CPU
		{F8F472C3-8DFA-843D-B34F-BF8EB1AEC2D1}.Debug|Any CPU.ActiveCfg = Debug|Any CPU
		{F8F472C3-8DFA-843D-B34F-BF8EB1AEC2D1}.Debug|Any CPU.Build.0 = Debug|Any CPU
		{F8F472C3-8DFA-843D-B34F-BF8EB1AEC2D1}.Release|Any CPU.ActiveCfg = Release|Any CPU
		{F8F472C3-8DFA-843D-B34F-BF8EB1AEC2D1}.Release|Any CPU.Build.0 = Release|Any CPU
		{BFB7E9BC-44F0-9B28-5838-C13215F745C5}.Debug|Any CPU.ActiveCfg = Debug|Any CPU
		{BFB7E9BC-44F0-9B28-5838-C13215F745C5}.Debug|Any CPU.Build.0 = Debug|Any CPU
		{BFB7E9BC-44F0-9B28-5838-C13215F745C5}.Release|Any CPU.ActiveCfg = Release|Any CPU
		{BFB7E9BC-44F0-9B28-5838-C13215F745C5}.Release|Any CPU.Build.0 = Release|Any CPU
		{C38472D3-1A0C-4CC3-BB8A-CD2D6E373B5B}.Debug|Any CPU.ActiveCfg = Debug|Any CPU
		{C38472D3-1A0C-4CC3-BB8A-CD2D6E373B5B}.Debug|Any CPU.Build.0 = Debug|Any CPU
		{C38472D3-1A0C-4CC3-BB8A-CD2D6E373B5B}.Release|Any CPU.ActiveCfg = Release|Any CPU
		{C38472D3-1A0C-4CC3-BB8A-CD2D6E373B5B}.Release|Any CPU.Build.0 = Release|Any CPU
		{7A683055-5F54-E68B-5323-3F62944210D6}.Debug|Any CPU.ActiveCfg = Debug|Any CPU
		{7A683055-5F54-E68B-5323-3F62944210D6}.Debug|Any CPU.Build.0 = Debug|Any CPU
		{7A683055-5F54-E68B-5323-3F62944210D6}.Release|Any CPU.ActiveCfg = Release|Any CPU
		{7A683055-5F54-E68B-5323-3F62944210D6}.Release|Any CPU.Build.0 = Release|Any CPU
		{9F91780A-6A5E-4113-A58B-3785C83647C6}.Debug|Any CPU.ActiveCfg = Debug|Any CPU
		{9F91780A-6A5E-4113-A58B-3785C83647C6}.Debug|Any CPU.Build.0 = Debug|Any CPU
		{9F91780A-6A5E-4113-A58B-3785C83647C6}.Release|Any CPU.ActiveCfg = Release|Any CPU
		{9F91780A-6A5E-4113-A58B-3785C83647C6}.Release|Any CPU.Build.0 = Release|Any CPU
		{76AE11BA-2823-4C51-91F9-3EED9E24AC82}.Debug|Any CPU.ActiveCfg = Debug|Any CPU
		{76AE11BA-2823-4C51-91F9-3EED9E24AC82}.Debug|Any CPU.Build.0 = Debug|Any CPU
		{76AE11BA-2823-4C51-91F9-3EED9E24AC82}.Release|Any CPU.ActiveCfg = Release|Any CPU
		{76AE11BA-2823-4C51-91F9-3EED9E24AC82}.Release|Any CPU.Build.0 = Release|Any CPU
		{7D3A33F6-8F23-1777-4B32-09649A9131CC}.Debug|Any CPU.ActiveCfg = Debug|Any CPU
		{7D3A33F6-8F23-1777-4B32-09649A9131CC}.Debug|Any CPU.Build.0 = Debug|Any CPU
		{7D3A33F6-8F23-1777-4B32-09649A9131CC}.Release|Any CPU.ActiveCfg = Release|Any CPU
		{7D3A33F6-8F23-1777-4B32-09649A9131CC}.Release|Any CPU.Build.0 = Release|Any CPU
		{D6E79B92-0349-14DA-9C9B-55069D505C1E}.Debug|Any CPU.ActiveCfg = Debug|Any CPU
		{D6E79B92-0349-14DA-9C9B-55069D505C1E}.Debug|Any CPU.Build.0 = Debug|Any CPU
		{D6E79B92-0349-14DA-9C9B-55069D505C1E}.Release|Any CPU.ActiveCfg = Release|Any CPU
		{D6E79B92-0349-14DA-9C9B-55069D505C1E}.Release|Any CPU.Build.0 = Release|Any CPU
		{6D373065-DC0E-959D-A0A9-506668929C3E}.Debug|Any CPU.ActiveCfg = Debug|Any CPU
		{6D373065-DC0E-959D-A0A9-506668929C3E}.Debug|Any CPU.Build.0 = Debug|Any CPU
		{6D373065-DC0E-959D-A0A9-506668929C3E}.Release|Any CPU.ActiveCfg = Release|Any CPU
		{6D373065-DC0E-959D-A0A9-506668929C3E}.Release|Any CPU.Build.0 = Release|Any CPU
		{4FA8FF53-2D17-4DAE-A005-BD74F93C8128}.Debug|Any CPU.ActiveCfg = Debug|Any CPU
		{4FA8FF53-2D17-4DAE-A005-BD74F93C8128}.Debug|Any CPU.Build.0 = Debug|Any CPU
		{4FA8FF53-2D17-4DAE-A005-BD74F93C8128}.Release|Any CPU.ActiveCfg = Release|Any CPU
		{4FA8FF53-2D17-4DAE-A005-BD74F93C8128}.Release|Any CPU.Build.0 = Release|Any CPU
		{AF4126CA-EFD0-4B2C-BF39-B892B8D707BE}.Debug|Any CPU.ActiveCfg = Debug|Any CPU
		{AF4126CA-EFD0-4B2C-BF39-B892B8D707BE}.Debug|Any CPU.Build.0 = Debug|Any CPU
		{AF4126CA-EFD0-4B2C-BF39-B892B8D707BE}.Release|Any CPU.ActiveCfg = Release|Any CPU
		{AF4126CA-EFD0-4B2C-BF39-B892B8D707BE}.Release|Any CPU.Build.0 = Release|Any CPU
		{E1DB3175-E3EC-8E62-FE46-5AA636C1D0E2}.Debug|Any CPU.ActiveCfg = Debug|Any CPU
		{E1DB3175-E3EC-8E62-FE46-5AA636C1D0E2}.Debug|Any CPU.Build.0 = Debug|Any CPU
		{E1DB3175-E3EC-8E62-FE46-5AA636C1D0E2}.Release|Any CPU.ActiveCfg = Release|Any CPU
		{E1DB3175-E3EC-8E62-FE46-5AA636C1D0E2}.Release|Any CPU.Build.0 = Release|Any CPU
		{CBFCA849-5DC9-C98B-C32A-9FBCF90A56B9}.Debug|Any CPU.ActiveCfg = Debug|Any CPU
		{CBFCA849-5DC9-C98B-C32A-9FBCF90A56B9}.Debug|Any CPU.Build.0 = Debug|Any CPU
		{CBFCA849-5DC9-C98B-C32A-9FBCF90A56B9}.Release|Any CPU.ActiveCfg = Release|Any CPU
		{CBFCA849-5DC9-C98B-C32A-9FBCF90A56B9}.Release|Any CPU.Build.0 = Release|Any CPU
		{4086666D-38E4-1DC1-AC5F-6E1645042AB8}.Debug|Any CPU.ActiveCfg = Debug|Any CPU
		{4086666D-38E4-1DC1-AC5F-6E1645042AB8}.Debug|Any CPU.Build.0 = Debug|Any CPU
		{4086666D-38E4-1DC1-AC5F-6E1645042AB8}.Release|Any CPU.ActiveCfg = Release|Any CPU
		{4086666D-38E4-1DC1-AC5F-6E1645042AB8}.Release|Any CPU.Build.0 = Release|Any CPU
		{D303835C-E278-459E-8BE9-EC51ECEBDC88}.Debug|Any CPU.ActiveCfg = Debug|Any CPU
		{D303835C-E278-459E-8BE9-EC51ECEBDC88}.Debug|Any CPU.Build.0 = Debug|Any CPU
		{D303835C-E278-459E-8BE9-EC51ECEBDC88}.Release|Any CPU.ActiveCfg = Release|Any CPU
		{D303835C-E278-459E-8BE9-EC51ECEBDC88}.Release|Any CPU.Build.0 = Release|Any CPU
		{E2C962BC-02D2-4923-A1FB-5275AE7DF925}.Debug|Any CPU.ActiveCfg = Debug|Any CPU
		{E2C962BC-02D2-4923-A1FB-5275AE7DF925}.Debug|Any CPU.Build.0 = Debug|Any CPU
		{E2C962BC-02D2-4923-A1FB-5275AE7DF925}.Release|Any CPU.ActiveCfg = Release|Any CPU
		{E2C962BC-02D2-4923-A1FB-5275AE7DF925}.Release|Any CPU.Build.0 = Release|Any CPU
		{9E2346B0-9AD8-47C6-9D36-D160DDF63FC6}.Debug|Any CPU.ActiveCfg = Debug|Any CPU
		{9E2346B0-9AD8-47C6-9D36-D160DDF63FC6}.Debug|Any CPU.Build.0 = Debug|Any CPU
		{9E2346B0-9AD8-47C6-9D36-D160DDF63FC6}.Release|Any CPU.ActiveCfg = Release|Any CPU
		{9E2346B0-9AD8-47C6-9D36-D160DDF63FC6}.Release|Any CPU.Build.0 = Release|Any CPU
		{82A581AC-CC2B-48F8-BCC7-04452E67728C}.Debug|Any CPU.ActiveCfg = Debug|Any CPU
		{82A581AC-CC2B-48F8-BCC7-04452E67728C}.Debug|Any CPU.Build.0 = Debug|Any CPU
		{82A581AC-CC2B-48F8-BCC7-04452E67728C}.Release|Any CPU.ActiveCfg = Release|Any CPU
		{82A581AC-CC2B-48F8-BCC7-04452E67728C}.Release|Any CPU.Build.0 = Release|Any CPU
		{F21B4B23-6E7F-7147-6A18-99364CD1E7A5}.Debug|Any CPU.ActiveCfg = Debug|Any CPU
		{F21B4B23-6E7F-7147-6A18-99364CD1E7A5}.Debug|Any CPU.Build.0 = Debug|Any CPU
		{F21B4B23-6E7F-7147-6A18-99364CD1E7A5}.Release|Any CPU.ActiveCfg = Release|Any CPU
		{F21B4B23-6E7F-7147-6A18-99364CD1E7A5}.Release|Any CPU.Build.0 = Release|Any CPU
		{D02EC00C-B95A-59B1-075C-CDFB467D5884}.Debug|Any CPU.ActiveCfg = Debug|Any CPU
		{D02EC00C-B95A-59B1-075C-CDFB467D5884}.Debug|Any CPU.Build.0 = Debug|Any CPU
		{D02EC00C-B95A-59B1-075C-CDFB467D5884}.Release|Any CPU.ActiveCfg = Release|Any CPU
		{D02EC00C-B95A-59B1-075C-CDFB467D5884}.Release|Any CPU.Build.0 = Release|Any CPU
		{E1937E7A-162B-7C3B-A241-3ACB5CDA8239}.Debug|Any CPU.ActiveCfg = Debug|Any CPU
		{E1937E7A-162B-7C3B-A241-3ACB5CDA8239}.Debug|Any CPU.Build.0 = Debug|Any CPU
		{E1937E7A-162B-7C3B-A241-3ACB5CDA8239}.Release|Any CPU.ActiveCfg = Release|Any CPU
		{E1937E7A-162B-7C3B-A241-3ACB5CDA8239}.Release|Any CPU.Build.0 = Release|Any CPU
		{01CFB202-747B-78FD-64FD-0CC52CDCA40D}.Debug|Any CPU.ActiveCfg = Debug|Any CPU
		{01CFB202-747B-78FD-64FD-0CC52CDCA40D}.Debug|Any CPU.Build.0 = Debug|Any CPU
		{01CFB202-747B-78FD-64FD-0CC52CDCA40D}.Release|Any CPU.ActiveCfg = Release|Any CPU
		{01CFB202-747B-78FD-64FD-0CC52CDCA40D}.Release|Any CPU.Build.0 = Release|Any CPU
		{E85BDB13-FCB7-5AFC-36B2-DC421382AC93}.Debug|Any CPU.ActiveCfg = Debug|Any CPU
		{E85BDB13-FCB7-5AFC-36B2-DC421382AC93}.Debug|Any CPU.Build.0 = Debug|Any CPU
		{E85BDB13-FCB7-5AFC-36B2-DC421382AC93}.Release|Any CPU.ActiveCfg = Release|Any CPU
		{E85BDB13-FCB7-5AFC-36B2-DC421382AC93}.Release|Any CPU.Build.0 = Release|Any CPU
		{4586B4B6-949B-744B-A4FE-E7293033E65A}.Debug|Any CPU.ActiveCfg = Debug|Any CPU
		{4586B4B6-949B-744B-A4FE-E7293033E65A}.Debug|Any CPU.Build.0 = Debug|Any CPU
		{4586B4B6-949B-744B-A4FE-E7293033E65A}.Release|Any CPU.ActiveCfg = Release|Any CPU
		{4586B4B6-949B-744B-A4FE-E7293033E65A}.Release|Any CPU.Build.0 = Release|Any CPU
		{521CCA08-26EE-3D71-5684-073FDCB25BB5}.Debug|Any CPU.ActiveCfg = Debug|Any CPU
		{521CCA08-26EE-3D71-5684-073FDCB25BB5}.Debug|Any CPU.Build.0 = Debug|Any CPU
		{521CCA08-26EE-3D71-5684-073FDCB25BB5}.Release|Any CPU.ActiveCfg = Release|Any CPU
		{521CCA08-26EE-3D71-5684-073FDCB25BB5}.Release|Any CPU.Build.0 = Release|Any CPU
		{847523C6-4D26-E1CC-AF45-07BF9101823D}.Debug|Any CPU.ActiveCfg = Debug|Any CPU
		{847523C6-4D26-E1CC-AF45-07BF9101823D}.Debug|Any CPU.Build.0 = Debug|Any CPU
		{847523C6-4D26-E1CC-AF45-07BF9101823D}.Release|Any CPU.ActiveCfg = Release|Any CPU
		{847523C6-4D26-E1CC-AF45-07BF9101823D}.Release|Any CPU.Build.0 = Release|Any CPU
		{4EC38CFE-9309-CA90-CBFD-A2CBF42CD2E1}.Debug|Any CPU.ActiveCfg = Debug|Any CPU
		{4EC38CFE-9309-CA90-CBFD-A2CBF42CD2E1}.Debug|Any CPU.Build.0 = Debug|Any CPU
		{4EC38CFE-9309-CA90-CBFD-A2CBF42CD2E1}.Release|Any CPU.ActiveCfg = Release|Any CPU
		{4EC38CFE-9309-CA90-CBFD-A2CBF42CD2E1}.Release|Any CPU.Build.0 = Release|Any CPU
		{1ADCDE35-11E0-220C-16EB-EC59BC8B0BB5}.Debug|Any CPU.ActiveCfg = Debug|Any CPU
		{1ADCDE35-11E0-220C-16EB-EC59BC8B0BB5}.Debug|Any CPU.Build.0 = Debug|Any CPU
		{1ADCDE35-11E0-220C-16EB-EC59BC8B0BB5}.Release|Any CPU.ActiveCfg = Release|Any CPU
		{1ADCDE35-11E0-220C-16EB-EC59BC8B0BB5}.Release|Any CPU.Build.0 = Release|Any CPU
	EndGlobalSection
	GlobalSection(SolutionProperties) = preSolution
		HideSolutionNode = FALSE
	EndGlobalSection
	GlobalSection(NestedProjects) = preSolution
		{85B50E7E-5C6B-4880-9170-569E8157CC53} = {142E0533-693A-4D9B-8CB7-031F71D9CF68}
		{67A03C5E-4E15-A1B5-DBFD-9852A582DCD1} = {142E0533-693A-4D9B-8CB7-031F71D9CF68}
		{EF5EDFF7-7D92-78CB-306C-37FD02D1F647} = {142E0533-693A-4D9B-8CB7-031F71D9CF68}
		{9E01ABD0-A819-48BD-A132-1D32766E4ADA} = {53BA7B17-9DD4-43FD-BA83-5F459ED9BDE9}
		{3822E3DB-E19D-418A-ABD3-2FC0B7B0B2B1} = {9E01ABD0-A819-48BD-A132-1D32766E4ADA}
		{9E82FDDA-05A2-3D2F-D485-8EF27BCD1E3C} = {9E01ABD0-A819-48BD-A132-1D32766E4ADA}
		{80166C97-69BC-8C2A-A3F7-A8BF9B0A11DB} = {9E01ABD0-A819-48BD-A132-1D32766E4ADA}
		{E124BBA7-751B-4635-AADB-52A090957E15} = {9E01ABD0-A819-48BD-A132-1D32766E4ADA}
		{136FEEDB-CDDB-48C6-8ACB-2E6AD24FE1E2} = {54EB9146-8C6C-4372-BB2E-72673A60BB95}
		{415B311D-69F6-449E-8C01-149048EF0B73} = {53BA7B17-9DD4-43FD-BA83-5F459ED9BDE9}
		{7332BA97-2030-373E-3A03-E6A2EBE98EDD} = {415B311D-69F6-449E-8C01-149048EF0B73}
		{F8F472C3-8DFA-843D-B34F-BF8EB1AEC2D1} = {415B311D-69F6-449E-8C01-149048EF0B73}
		{BFB7E9BC-44F0-9B28-5838-C13215F745C5} = {415B311D-69F6-449E-8C01-149048EF0B73}
		{C38472D3-1A0C-4CC3-BB8A-CD2D6E373B5B} = {415B311D-69F6-449E-8C01-149048EF0B73}
		{7A683055-5F54-E68B-5323-3F62944210D6} = {02EA681E-C7D8-13C7-8484-4AC65E1B71E8}
		{76AE11BA-2823-4C51-91F9-3EED9E24AC82} = {9E01ABD0-A819-48BD-A132-1D32766E4ADA}
		{7D3A33F6-8F23-1777-4B32-09649A9131CC} = {415B311D-69F6-449E-8C01-149048EF0B73}
		{D6E79B92-0349-14DA-9C9B-55069D505C1E} = {02EA681E-C7D8-13C7-8484-4AC65E1B71E8}
		{6D373065-DC0E-959D-A0A9-506668929C3E} = {02EA681E-C7D8-13C7-8484-4AC65E1B71E8}
		{4FA8FF53-2D17-4DAE-A005-BD74F93C8128} = {02EA681E-C7D8-13C7-8484-4AC65E1B71E8}
		{6C7138A0-DCF8-48CE-AB85-F22A72DED07C} = {54EB9146-8C6C-4372-BB2E-72673A60BB95}
		{148BBF4A-1B4C-48A3-A10C-31099EE6FF17} = {53BA7B17-9DD4-43FD-BA83-5F459ED9BDE9}
		{77CB0979-2D76-4ED8-83DA-E922C129E231} = {53BA7B17-9DD4-43FD-BA83-5F459ED9BDE9}
		{AF4126CA-EFD0-4B2C-BF39-B892B8D707BE} = {77CB0979-2D76-4ED8-83DA-E922C129E231}
		{E1DB3175-E3EC-8E62-FE46-5AA636C1D0E2} = {148BBF4A-1B4C-48A3-A10C-31099EE6FF17}
		{CBFCA849-5DC9-C98B-C32A-9FBCF90A56B9} = {148BBF4A-1B4C-48A3-A10C-31099EE6FF17}
		{4086666D-38E4-1DC1-AC5F-6E1645042AB8} = {148BBF4A-1B4C-48A3-A10C-31099EE6FF17}
		{D303835C-E278-459E-8BE9-EC51ECEBDC88} = {77CB0979-2D76-4ED8-83DA-E922C129E231}
		{E2C962BC-02D2-4923-A1FB-5275AE7DF925} = {148BBF4A-1B4C-48A3-A10C-31099EE6FF17}
		{9E2346B0-9AD8-47C6-9D36-D160DDF63FC6} = {148BBF4A-1B4C-48A3-A10C-31099EE6FF17}
		{82A581AC-CC2B-48F8-BCC7-04452E67728C} = {77CB0979-2D76-4ED8-83DA-E922C129E231}
		{F21B4B23-6E7F-7147-6A18-99364CD1E7A5} = {6C7138A0-DCF8-48CE-AB85-F22A72DED07C}
		{D02EC00C-B95A-59B1-075C-CDFB467D5884} = {6C7138A0-DCF8-48CE-AB85-F22A72DED07C}
		{E1937E7A-162B-7C3B-A241-3ACB5CDA8239} = {6C7138A0-DCF8-48CE-AB85-F22A72DED07C}
		{01CFB202-747B-78FD-64FD-0CC52CDCA40D} = {6C7138A0-DCF8-48CE-AB85-F22A72DED07C}
		{E85BDB13-FCB7-5AFC-36B2-DC421382AC93} = {6C7138A0-DCF8-48CE-AB85-F22A72DED07C}
		{4586B4B6-949B-744B-A4FE-E7293033E65A} = {136FEEDB-CDDB-48C6-8ACB-2E6AD24FE1E2}
		{521CCA08-26EE-3D71-5684-073FDCB25BB5} = {136FEEDB-CDDB-48C6-8ACB-2E6AD24FE1E2}
		{847523C6-4D26-E1CC-AF45-07BF9101823D} = {136FEEDB-CDDB-48C6-8ACB-2E6AD24FE1E2}
		{4EC38CFE-9309-CA90-CBFD-A2CBF42CD2E1} = {136FEEDB-CDDB-48C6-8ACB-2E6AD24FE1E2}
		{1ADCDE35-11E0-220C-16EB-EC59BC8B0BB5} = {136FEEDB-CDDB-48C6-8ACB-2E6AD24FE1E2}
	EndGlobalSection
	GlobalSection(ExtensibilityGlobals) = postSolution
		SolutionGuid = {CE566918-8763-4A9B-8563-593E205BA1B0}
	EndGlobalSection
EndGlobal
