
Microsoft Visual Studio Solution File, Format Version 12.00
# Visual Studio Version 17
VisualStudioVersion = 17.11.35303.130
MinimumVisualStudioVersion = 10.0.40219.1
Project("{9A19103F-16F7-4668-BE54-9A1E7A4F7556}") = "PetFamily.Application", "src\PetFamily.Application\PetFamily.Application.csproj", "{F0CD8EB6-02FB-4B64-9B42-622063828D96}"
EndProject
Project("{9A19103F-16F7-4668-BE54-9A1E7A4F7556}") = "PetFamily.API", "src\PetFamily.API\PetFamily.API.csproj", "{0CAAC511-FA4D-47F4-A05A-892E43A0A1EA}"
EndProject
Project("{9A19103F-16F7-4668-BE54-9A1E7A4F7556}") = "PetFamily.Domain", "src\PetFamily.Domain\PetFamily.Domain.csproj", "{B446A927-9727-4396-BFDB-67C8328E1DC0}"
EndProject
Project("{9A19103F-16F7-4668-BE54-9A1E7A4F7556}") = "PetFamily.Infrastructure", "src\PetFamily.Infrastructure\PetFamily.Infrastructure.csproj", "{E806255E-B78C-4F62-A803-35D77C9756D6}"
EndProject
Project("{E53339B2-1760-4266-BCC7-CA923CBCF16C}") = "docker-compose", "docker-compose.dcproj", "{301CF285-A4A3-4231-8120-828B0725264D}"
EndProject
Project("{2150E333-8FDC-42A3-9474-1A3956D46DE8}") = "Solution Items", "Solution Items", "{2DBDC1F2-D46B-49B9-8A76-DB089F742B92}"
	ProjectSection(SolutionItems) = preProject
		.editorconfig = .editorconfig
	EndProjectSection
EndProject
Project("{FAE04EC0-301F-11D3-BF4B-00C04F79EFBC}") = "PetFamily.Tools", "src\PetFamily.Tools\PetFamily.Tools.csproj", "{0C2A4784-CC66-7901-29F1-D56A6DF2B4BD}"
EndProject
Project("{FAE04EC0-301F-11D3-BF4B-00C04F79EFBC}") = "PetFamily.IntegrationTests", "tests\PetFamily.IntegrationTests\PetFamily.IntegrationTests.csproj", "{85B50E7E-5C6B-4880-9170-569E8157CC53}"
EndProject
Project("{FAE04EC0-301F-11D3-BF4B-00C04F79EFBC}") = "PetFamily.Application.Tests", "tests\PetFamily.Application.Tests\PetFamily.Application.Tests.csproj", "{67A03C5E-4E15-A1B5-DBFD-9852A582DCD1}"
EndProject
Project("{FAE04EC0-301F-11D3-BF4B-00C04F79EFBC}") = "PetFamily.Domain.Tests", "tests\PetFamily.Domain.Tests\PetFamily.Domain.Tests.csproj", "{EF5EDFF7-7D92-78CB-306C-37FD02D1F647}"
EndProject
Project("{FAE04EC0-301F-11D3-BF4B-00C04F79EFBC}") = "PetFamily.SharedKernel", "src\PetFamily.SharedKernel\PetFamily.SharedKernel.csproj", "{9D6408D9-B516-414D-9A73-9224EB122875}"
EndProject
Global
	GlobalSection(SolutionConfigurationPlatforms) = preSolution
		Debug|Any CPU = Debug|Any CPU
		Release|Any CPU = Release|Any CPU
	EndGlobalSection
	GlobalSection(ProjectConfigurationPlatforms) = postSolution
		{F0CD8EB6-02FB-4B64-9B42-622063828D96}.Debug|Any CPU.ActiveCfg = Debug|Any CPU
		{F0CD8EB6-02FB-4B64-9B42-622063828D96}.Debug|Any CPU.Build.0 = Debug|Any CPU
		{F0CD8EB6-02FB-4B64-9B42-622063828D96}.Release|Any CPU.ActiveCfg = Release|Any CPU
		{F0CD8EB6-02FB-4B64-9B42-622063828D96}.Release|Any CPU.Build.0 = Release|Any CPU
		{0CAAC511-FA4D-47F4-A05A-892E43A0A1EA}.Debug|Any CPU.ActiveCfg = Debug|Any CPU
		{0CAAC511-FA4D-47F4-A05A-892E43A0A1EA}.Debug|Any CPU.Build.0 = Debug|Any CPU
		{0CAAC511-FA4D-47F4-A05A-892E43A0A1EA}.Release|Any CPU.ActiveCfg = Release|Any CPU
		{0CAAC511-FA4D-47F4-A05A-892E43A0A1EA}.Release|Any CPU.Build.0 = Release|Any CPU
		{B446A927-9727-4396-BFDB-67C8328E1DC0}.Debug|Any CPU.ActiveCfg = Debug|Any CPU
		{B446A927-9727-4396-BFDB-67C8328E1DC0}.Debug|Any CPU.Build.0 = Debug|Any CPU
		{B446A927-9727-4396-BFDB-67C8328E1DC0}.Release|Any CPU.ActiveCfg = Release|Any CPU
		{B446A927-9727-4396-BFDB-67C8328E1DC0}.Release|Any CPU.Build.0 = Release|Any CPU
		{E806255E-B78C-4F62-A803-35D77C9756D6}.Debug|Any CPU.ActiveCfg = Debug|Any CPU
		{E806255E-B78C-4F62-A803-35D77C9756D6}.Debug|Any CPU.Build.0 = Debug|Any CPU
		{E806255E-B78C-4F62-A803-35D77C9756D6}.Release|Any CPU.ActiveCfg = Release|Any CPU
		{E806255E-B78C-4F62-A803-35D77C9756D6}.Release|Any CPU.Build.0 = Release|Any CPU
		{301CF285-A4A3-4231-8120-828B0725264D}.Debug|Any CPU.ActiveCfg = Debug|Any CPU
		{301CF285-A4A3-4231-8120-828B0725264D}.Debug|Any CPU.Build.0 = Debug|Any CPU
		{301CF285-A4A3-4231-8120-828B0725264D}.Release|Any CPU.ActiveCfg = Release|Any CPU
		{301CF285-A4A3-4231-8120-828B0725264D}.Release|Any CPU.Build.0 = Release|Any CPU
		{0C2A4784-CC66-7901-29F1-D56A6DF2B4BD}.Debug|Any CPU.ActiveCfg = Debug|Any CPU
		{0C2A4784-CC66-7901-29F1-D56A6DF2B4BD}.Debug|Any CPU.Build.0 = Debug|Any CPU
		{0C2A4784-CC66-7901-29F1-D56A6DF2B4BD}.Release|Any CPU.ActiveCfg = Release|Any CPU
		{0C2A4784-CC66-7901-29F1-D56A6DF2B4BD}.Release|Any CPU.Build.0 = Release|Any CPU
		{85B50E7E-5C6B-4880-9170-569E8157CC53}.Debug|Any CPU.ActiveCfg = Debug|Any CPU
		{85B50E7E-5C6B-4880-9170-569E8157CC53}.Debug|Any CPU.Build.0 = Debug|Any CPU
		{85B50E7E-5C6B-4880-9170-569E8157CC53}.Release|Any CPU.ActiveCfg = Release|Any CPU
		{85B50E7E-5C6B-4880-9170-569E8157CC53}.Release|Any CPU.Build.0 = Release|Any CPU
		{67A03C5E-4E15-A1B5-DBFD-9852A582DCD1}.Debug|Any CPU.ActiveCfg = Debug|Any CPU
		{67A03C5E-4E15-A1B5-DBFD-9852A582DCD1}.Debug|Any CPU.Build.0 = Debug|Any CPU
		{67A03C5E-4E15-A1B5-DBFD-9852A582DCD1}.Release|Any CPU.ActiveCfg = Release|Any CPU
		{67A03C5E-4E15-A1B5-DBFD-9852A582DCD1}.Release|Any CPU.Build.0 = Release|Any CPU
		{EF5EDFF7-7D92-78CB-306C-37FD02D1F647}.Debug|Any CPU.ActiveCfg = Debug|Any CPU
		{EF5EDFF7-7D92-78CB-306C-37FD02D1F647}.Debug|Any CPU.Build.0 = Debug|Any CPU
		{EF5EDFF7-7D92-78CB-306C-37FD02D1F647}.Release|Any CPU.ActiveCfg = Release|Any CPU
		{EF5EDFF7-7D92-78CB-306C-37FD02D1F647}.Release|Any CPU.Build.0 = Release|Any CPU
		{9D6408D9-B516-414D-9A73-9224EB122875}.Debug|Any CPU.ActiveCfg = Debug|Any CPU
		{9D6408D9-B516-414D-9A73-9224EB122875}.Debug|Any CPU.Build.0 = Debug|Any CPU
		{9D6408D9-B516-414D-9A73-9224EB122875}.Release|Any CPU.ActiveCfg = Release|Any CPU
		{9D6408D9-B516-414D-9A73-9224EB122875}.Release|Any CPU.Build.0 = Release|Any CPU
	EndGlobalSection
	GlobalSection(SolutionProperties) = preSolution
		HideSolutionNode = FALSE
	EndGlobalSection
	GlobalSection(ExtensibilityGlobals) = postSolution
		SolutionGuid = {CE566918-8763-4A9B-8563-593E205BA1B0}
	EndGlobalSection
EndGlobal
