
Microsoft Visual Studio Solution File, Format Version 12.00
# Visual Studio Version 17
VisualStudioVersion = 17.11.35303.130
MinimumVisualStudioVersion = 10.0.40219.1
Project("{E53339B2-1760-4266-BCC7-CA923CBCF16C}") = "docker-compose", "docker-compose.dcproj", "{301CF285-A4A3-4231-8120-828B0725264D}"
EndProject
Project("{2150E333-8FDC-42A3-9474-1A3956D46DE8}") = "Solution Items", "Solution Items", "{2DBDC1F2-D46B-49B9-8A76-DB089F742B92}"
	ProjectSection(SolutionItems) = preProject
		.editorconfig = .editorconfig
	EndProjectSection
EndProject
Project("{FAE04EC0-301F-11D3-BF4B-00C04F79EFBC}") = "PetFamily.Tools", "src\PetFamily.Tools\PetFamily.Tools.csproj", "{0C2A4784-CC66-7901-29F1-D56A6DF2B4BD}"
EndProject
Project("{FAE04EC0-301F-11D3-BF4B-00C04F79EFBC}") = "PetFamily.IntegrationTests", "tests\PetFamily.IntegrationTests\PetFamily.IntegrationTests.csproj", "{85B50E7E-5C6B-4880-9170-569E8157CC53}"
EndProject
Project("{FAE04EC0-301F-11D3-BF4B-00C04F79EFBC}") = "PetFamily.Application.Tests", "tests\PetFamily.Application.Tests\PetFamily.Application.Tests.csproj", "{67A03C5E-4E15-A1B5-DBFD-9852A582DCD1}"
EndProject
Project("{FAE04EC0-301F-11D3-BF4B-00C04F79EFBC}") = "PetFamily.Domain.Tests", "tests\PetFamily.Domain.Tests\PetFamily.Domain.Tests.csproj", "{EF5EDFF7-7D92-78CB-306C-37FD02D1F647}"
EndProject
Project("{2150E333-8FDC-42A3-9474-1A3956D46DE8}") = "Shared", "Shared", "{02EA681E-C7D8-13C7-8484-4AC65E1B71E8}"
EndProject
Project("{2150E333-8FDC-42A3-9474-1A3956D46DE8}") = "Modules", "Modules", "{53BA7B17-9DD4-43FD-BA83-5F459ED9BDE9}"
EndProject
Project("{2150E333-8FDC-42A3-9474-1A3956D46DE8}") = "PetSpecies", "PetSpecies", "{9E01ABD0-A819-48BD-A132-1D32766E4ADA}"
EndProject
Project("{FAE04EC0-301F-11D3-BF4B-00C04F79EFBC}") = "PetSpecies.Application", "src\Modules\PetSpecies\PetSpecies.Application\PetSpecies.Application.csproj", "{3822E3DB-E19D-418A-ABD3-2FC0B7B0B2B1}"
EndProject
Project("{FAE04EC0-301F-11D3-BF4B-00C04F79EFBC}") = "PetSpecies.Domain", "src\Modules\PetSpecies\PetSpecies.Domain\PetSpecies.Domain.csproj", "{9E82FDDA-05A2-3D2F-D485-8EF27BCD1E3C}"
EndProject
Project("{FAE04EC0-301F-11D3-BF4B-00C04F79EFBC}") = "PetSpecies.Public", "src\Modules\PetSpecies\PetSpecies.Public\PetSpecies.Public.csproj", "{80166C97-69BC-8C2A-A3F7-A8BF9B0A11DB}"
EndProject
Project("{FAE04EC0-301F-11D3-BF4B-00C04F79EFBC}") = "PetSpecies.Infrastructure", "src\Modules\PetSpecies\PetSpecies.Infrastructure\PetSpecies.Infrastructure.csproj", "{E124BBA7-751B-4635-AADB-52A090957E15}"
EndProject
Project("{2150E333-8FDC-42A3-9474-1A3956D46DE8}") = "FileStorage", "FileStorage", "{136FEEDB-CDDB-48C6-8ACB-2E6AD24FE1E2}"
EndProject
Project("{FAE04EC0-301F-11D3-BF4B-00C04F79EFBC}") = "FileStorage.Application", "src\Modules\FileStorage\FileStorage.Application\FileStorage.Application.csproj", "{32D632B0-1DDC-40A2-8183-E3F46388D8D9}"
EndProject
Project("{FAE04EC0-301F-11D3-BF4B-00C04F79EFBC}") = "FileStorage.Infrastructure", "src\Modules\FileStorage\FileStorage.Infrastructure\FileStorage.Infrastructure.csproj", "{5586335A-F870-469E-97F1-347A197D2735}"
EndProject
Project("{2150E333-8FDC-42A3-9474-1A3956D46DE8}") = "Volunteers", "Volunteers", "{415B311D-69F6-449E-8C01-149048EF0B73}"
EndProject
Project("{FAE04EC0-301F-11D3-BF4B-00C04F79EFBC}") = "Volunteers.Application", "src\Modules\Volunteer\Volunteers.Application\Volunteers.Application.csproj", "{7332BA97-2030-373E-3A03-E6A2EBE98EDD}"
EndProject
Project("{FAE04EC0-301F-11D3-BF4B-00C04F79EFBC}") = "Volunteers.Domain", "src\Modules\Volunteer\Volunteers.Domain\Volunteers.Domain.csproj", "{F8F472C3-8DFA-843D-B34F-BF8EB1AEC2D1}"
EndProject
Project("{FAE04EC0-301F-11D3-BF4B-00C04F79EFBC}") = "Volunteers.Public", "src\Modules\Volunteer\Volunteers.Public\Volunteers.Public.csproj", "{BFB7E9BC-44F0-9B28-5838-C13215F745C5}"
EndProject
Project("{FAE04EC0-301F-11D3-BF4B-00C04F79EFBC}") = "Volunteers.Infrastructure", "src\Modules\Volunteer\Volunteers.Infrastructure\Volunteers.Infrastructure.csproj", "{C38472D3-1A0C-4CC3-BB8A-CD2D6E373B5B}"
EndProject
Project("{2150E333-8FDC-42A3-9474-1A3956D46DE8}") = "Tests", "Tests", "{142E0533-693A-4D9B-8CB7-031F71D9CF68}"
EndProject
Project("{FAE04EC0-301F-11D3-BF4B-00C04F79EFBC}") = "PetFamily.SharedKernel", "src\Shared\PetFamily.SharedKernel\PetFamily.SharedKernel.csproj", "{7A683055-5F54-E68B-5323-3F62944210D6}"
EndProject
Project("{FAE04EC0-301F-11D3-BF4B-00C04F79EFBC}") = "PetFamily.Host.Api", "src\PetFamily.Host.Api\PetFamily.Host.Api.csproj", "{9F91780A-6A5E-4113-A58B-3785C83647C6}"
EndProject
Project("{FAE04EC0-301F-11D3-BF4B-00C04F79EFBC}") = "FileStorage.Public", "src\Modules\FileStorage\FileStorage.Public\FileStorage.Public.csproj", "{39444393-9167-4D03-B1F5-37ADD2B62E2E}"
EndProject
Project("{FAE04EC0-301F-11D3-BF4B-00C04F79EFBC}") = "PetSpecies.Presentation", "src\Modules\PetSpecies\PetSpecies.Presentation\PetSpecies.Presentation.csproj", "{76AE11BA-2823-4C51-91F9-3EED9E24AC82}"
EndProject
Project("{2150E333-8FDC-42A3-9474-1A3956D46DE8}") = "Diagrams", "Diagrams", "{1BA56733-20DE-4254-ABEB-1CD618C2236A}"
EndProject
Project("{FAE04EC0-301F-11D3-BF4B-00C04F79EFBC}") = "FileStorage.Presentation", "src\Modules\FileStorage\FileStorage.Presentation\FileStorage.Presentation.csproj", "{1D8A2D87-C21C-18E2-326E-0D321693B9E4}"
EndProject
Project("{FAE04EC0-301F-11D3-BF4B-00C04F79EFBC}") = "Volunteers.Presentation", "src\Modules\Volunteer\Volunteers.Presentation\Volunteers.Presentation.csproj", "{7D3A33F6-8F23-1777-4B32-09649A9131CC}"
EndProject
Project("{FAE04EC0-301F-11D3-BF4B-00C04F79EFBC}") = "PetFamily.Framework", "src\Shared\PetFamily.Framework\PetFamily.Framework.csproj", "{D6E79B92-0349-14DA-9C9B-55069D505C1E}"
EndProject
Project("{FAE04EC0-301F-11D3-BF4B-00C04F79EFBC}") = "PetFamily.SharedApplication", "src\Shared\PetFamily.SharedApplication\PetFamily.SharedApplication.csproj", "{6D373065-DC0E-959D-A0A9-506668929C3E}"
EndProject
Project("{FAE04EC0-301F-11D3-BF4B-00C04F79EFBC}") = "PetFamily.SharedInfrastructure", "src\Shared\PetFamily.SharedInfrastructure\PetFamily.SharedInfrastructure.csproj", "{4FA8FF53-2D17-4DAE-A005-BD74F93C8128}"
EndProject
Project("{2150E333-8FDC-42A3-9474-1A3956D46DE8}") = "Auth", "Auth", "{6C7138A0-DCF8-48CE-AB85-F22A72DED07C}"
EndProject
Project("{FAE04EC0-301F-11D3-BF4B-00C04F79EFBC}") = "PetFamily.Auth.Infrastructure", "src\Modules\Auth\PetFamily.Auth.Infrastructure\PetFamily.Auth.Infrastructure.csproj", "{469E55CC-75D3-4E6D-B429-13F6EE4C4BCF}"
EndProject
Project("{FAE04EC0-301F-11D3-BF4B-00C04F79EFBC}") = "PetFamily.Auth.Domain", "src\Modules\Auth\PetFamily.Auth.Domain\PetFamily.Auth.Domain.csproj", "{EC0292EA-A762-402F-8E21-C5EAFF3D01B5}"
EndProject
Project("{FAE04EC0-301F-11D3-BF4B-00C04F79EFBC}") = "PetFamily.Auth.Application", "src\Modules\Auth\PetFamily.Auth.Application\PetFamily.Auth.Application.csproj", "{D3704B9F-366E-CA6D-331A-E6CFB4A2AD0E}"
EndProject
Project("{FAE04EC0-301F-11D3-BF4B-00C04F79EFBC}") = "PetFamily.Auth.Presentation", "src\Modules\Auth\PetFamily.Auth.Presentation\PetFamily.Auth.Presentation.csproj", "{7D690F90-755F-47AB-8B8F-BF846F5496E6}"
EndProject
Project("{FAE04EC0-301F-11D3-BF4B-00C04F79EFBC}") = "PetFamily.Auth.Public", "src\Modules\Auth\PetFamily.Auth.Public\PetFamily.Auth.Public.csproj", "{9EC573AD-F835-497B-9DCF-968613E51CF0}"
EndProject
Project("{FAE04EC0-301F-11D3-BF4B-00C04F79EFBC}") = "FileStorage.SharedFramework", "src\Modules\FileStorage\FileStorage.SharedFramework\FileStorage.SharedFramework.csproj", "{15921FAE-E490-43B8-9A6C-007CFEA286FE}"
EndProject
Global
	GlobalSection(SolutionConfigurationPlatforms) = preSolution
		Debug|Any CPU = Debug|Any CPU
		Release|Any CPU = Release|Any CPU
	EndGlobalSection
	GlobalSection(ProjectConfigurationPlatforms) = postSolution
		{301CF285-A4A3-4231-8120-828B0725264D}.Debug|Any CPU.ActiveCfg = Debug|Any CPU
		{301CF285-A4A3-4231-8120-828B0725264D}.Debug|Any CPU.Build.0 = Debug|Any CPU
		{301CF285-A4A3-4231-8120-828B0725264D}.Release|Any CPU.ActiveCfg = Release|Any CPU
		{301CF285-A4A3-4231-8120-828B0725264D}.Release|Any CPU.Build.0 = Release|Any CPU
		{0C2A4784-CC66-7901-29F1-D56A6DF2B4BD}.Debug|Any CPU.ActiveCfg = Debug|Any CPU
		{0C2A4784-CC66-7901-29F1-D56A6DF2B4BD}.Debug|Any CPU.Build.0 = Debug|Any CPU
		{0C2A4784-CC66-7901-29F1-D56A6DF2B4BD}.Release|Any CPU.ActiveCfg = Release|Any CPU
		{0C2A4784-CC66-7901-29F1-D56A6DF2B4BD}.Release|Any CPU.Build.0 = Release|Any CPU
		{85B50E7E-5C6B-4880-9170-569E8157CC53}.Debug|Any CPU.ActiveCfg = Debug|Any CPU
		{85B50E7E-5C6B-4880-9170-569E8157CC53}.Debug|Any CPU.Build.0 = Debug|Any CPU
		{85B50E7E-5C6B-4880-9170-569E8157CC53}.Release|Any CPU.ActiveCfg = Release|Any CPU
		{85B50E7E-5C6B-4880-9170-569E8157CC53}.Release|Any CPU.Build.0 = Release|Any CPU
		{67A03C5E-4E15-A1B5-DBFD-9852A582DCD1}.Debug|Any CPU.ActiveCfg = Debug|Any CPU
		{67A03C5E-4E15-A1B5-DBFD-9852A582DCD1}.Debug|Any CPU.Build.0 = Debug|Any CPU
		{67A03C5E-4E15-A1B5-DBFD-9852A582DCD1}.Release|Any CPU.ActiveCfg = Release|Any CPU
		{67A03C5E-4E15-A1B5-DBFD-9852A582DCD1}.Release|Any CPU.Build.0 = Release|Any CPU
		{EF5EDFF7-7D92-78CB-306C-37FD02D1F647}.Debug|Any CPU.ActiveCfg = Debug|Any CPU
		{EF5EDFF7-7D92-78CB-306C-37FD02D1F647}.Debug|Any CPU.Build.0 = Debug|Any CPU
		{EF5EDFF7-7D92-78CB-306C-37FD02D1F647}.Release|Any CPU.ActiveCfg = Release|Any CPU
		{EF5EDFF7-7D92-78CB-306C-37FD02D1F647}.Release|Any CPU.Build.0 = Release|Any CPU
		{3822E3DB-E19D-418A-ABD3-2FC0B7B0B2B1}.Debug|Any CPU.ActiveCfg = Debug|Any CPU
		{3822E3DB-E19D-418A-ABD3-2FC0B7B0B2B1}.Debug|Any CPU.Build.0 = Debug|Any CPU
		{3822E3DB-E19D-418A-ABD3-2FC0B7B0B2B1}.Release|Any CPU.ActiveCfg = Release|Any CPU
		{3822E3DB-E19D-418A-ABD3-2FC0B7B0B2B1}.Release|Any CPU.Build.0 = Release|Any CPU
		{9E82FDDA-05A2-3D2F-D485-8EF27BCD1E3C}.Debug|Any CPU.ActiveCfg = Debug|Any CPU
		{9E82FDDA-05A2-3D2F-D485-8EF27BCD1E3C}.Debug|Any CPU.Build.0 = Debug|Any CPU
		{9E82FDDA-05A2-3D2F-D485-8EF27BCD1E3C}.Release|Any CPU.ActiveCfg = Release|Any CPU
		{9E82FDDA-05A2-3D2F-D485-8EF27BCD1E3C}.Release|Any CPU.Build.0 = Release|Any CPU
		{80166C97-69BC-8C2A-A3F7-A8BF9B0A11DB}.Debug|Any CPU.ActiveCfg = Debug|Any CPU
		{80166C97-69BC-8C2A-A3F7-A8BF9B0A11DB}.Debug|Any CPU.Build.0 = Debug|Any CPU
		{80166C97-69BC-8C2A-A3F7-A8BF9B0A11DB}.Release|Any CPU.ActiveCfg = Release|Any CPU
		{80166C97-69BC-8C2A-A3F7-A8BF9B0A11DB}.Release|Any CPU.Build.0 = Release|Any CPU
		{E124BBA7-751B-4635-AADB-52A090957E15}.Debug|Any CPU.ActiveCfg = Debug|Any CPU
		{E124BBA7-751B-4635-AADB-52A090957E15}.Debug|Any CPU.Build.0 = Debug|Any CPU
		{E124BBA7-751B-4635-AADB-52A090957E15}.Release|Any CPU.ActiveCfg = Release|Any CPU
		{E124BBA7-751B-4635-AADB-52A090957E15}.Release|Any CPU.Build.0 = Release|Any CPU
		{32D632B0-1DDC-40A2-8183-E3F46388D8D9}.Debug|Any CPU.ActiveCfg = Debug|Any CPU
		{32D632B0-1DDC-40A2-8183-E3F46388D8D9}.Debug|Any CPU.Build.0 = Debug|Any CPU
		{32D632B0-1DDC-40A2-8183-E3F46388D8D9}.Release|Any CPU.ActiveCfg = Release|Any CPU
		{32D632B0-1DDC-40A2-8183-E3F46388D8D9}.Release|Any CPU.Build.0 = Release|Any CPU
		{5586335A-F870-469E-97F1-347A197D2735}.Debug|Any CPU.ActiveCfg = Debug|Any CPU
		{5586335A-F870-469E-97F1-347A197D2735}.Debug|Any CPU.Build.0 = Debug|Any CPU
		{5586335A-F870-469E-97F1-347A197D2735}.Release|Any CPU.ActiveCfg = Release|Any CPU
		{5586335A-F870-469E-97F1-347A197D2735}.Release|Any CPU.Build.0 = Release|Any CPU
		{7332BA97-2030-373E-3A03-E6A2EBE98EDD}.Debug|Any CPU.ActiveCfg = Debug|Any CPU
		{7332BA97-2030-373E-3A03-E6A2EBE98EDD}.Debug|Any CPU.Build.0 = Debug|Any CPU
		{7332BA97-2030-373E-3A03-E6A2EBE98EDD}.Release|Any CPU.ActiveCfg = Release|Any CPU
		{7332BA97-2030-373E-3A03-E6A2EBE98EDD}.Release|Any CPU.Build.0 = Release|Any CPU
		{F8F472C3-8DFA-843D-B34F-BF8EB1AEC2D1}.Debug|Any CPU.ActiveCfg = Debug|Any CPU
		{F8F472C3-8DFA-843D-B34F-BF8EB1AEC2D1}.Debug|Any CPU.Build.0 = Debug|Any CPU
		{F8F472C3-8DFA-843D-B34F-BF8EB1AEC2D1}.Release|Any CPU.ActiveCfg = Release|Any CPU
		{F8F472C3-8DFA-843D-B34F-BF8EB1AEC2D1}.Release|Any CPU.Build.0 = Release|Any CPU
		{BFB7E9BC-44F0-9B28-5838-C13215F745C5}.Debug|Any CPU.ActiveCfg = Debug|Any CPU
		{BFB7E9BC-44F0-9B28-5838-C13215F745C5}.Debug|Any CPU.Build.0 = Debug|Any CPU
		{BFB7E9BC-44F0-9B28-5838-C13215F745C5}.Release|Any CPU.ActiveCfg = Release|Any CPU
		{BFB7E9BC-44F0-9B28-5838-C13215F745C5}.Release|Any CPU.Build.0 = Release|Any CPU
		{C38472D3-1A0C-4CC3-BB8A-CD2D6E373B5B}.Debug|Any CPU.ActiveCfg = Debug|Any CPU
		{C38472D3-1A0C-4CC3-BB8A-CD2D6E373B5B}.Debug|Any CPU.Build.0 = Debug|Any CPU
		{C38472D3-1A0C-4CC3-BB8A-CD2D6E373B5B}.Release|Any CPU.ActiveCfg = Release|Any CPU
		{C38472D3-1A0C-4CC3-BB8A-CD2D6E373B5B}.Release|Any CPU.Build.0 = Release|Any CPU
		{7A683055-5F54-E68B-5323-3F62944210D6}.Debug|Any CPU.ActiveCfg = Debug|Any CPU
		{7A683055-5F54-E68B-5323-3F62944210D6}.Debug|Any CPU.Build.0 = Debug|Any CPU
		{7A683055-5F54-E68B-5323-3F62944210D6}.Release|Any CPU.ActiveCfg = Release|Any CPU
		{7A683055-5F54-E68B-5323-3F62944210D6}.Release|Any CPU.Build.0 = Release|Any CPU
		{9F91780A-6A5E-4113-A58B-3785C83647C6}.Debug|Any CPU.ActiveCfg = Debug|Any CPU
		{9F91780A-6A5E-4113-A58B-3785C83647C6}.Debug|Any CPU.Build.0 = Debug|Any CPU
		{9F91780A-6A5E-4113-A58B-3785C83647C6}.Release|Any CPU.ActiveCfg = Release|Any CPU
		{9F91780A-6A5E-4113-A58B-3785C83647C6}.Release|Any CPU.Build.0 = Release|Any CPU
		{39444393-9167-4D03-B1F5-37ADD2B62E2E}.Debug|Any CPU.ActiveCfg = Debug|Any CPU
		{39444393-9167-4D03-B1F5-37ADD2B62E2E}.Debug|Any CPU.Build.0 = Debug|Any CPU
		{39444393-9167-4D03-B1F5-37ADD2B62E2E}.Release|Any CPU.ActiveCfg = Release|Any CPU
		{39444393-9167-4D03-B1F5-37ADD2B62E2E}.Release|Any CPU.Build.0 = Release|Any CPU
		{76AE11BA-2823-4C51-91F9-3EED9E24AC82}.Debug|Any CPU.ActiveCfg = Debug|Any CPU
		{76AE11BA-2823-4C51-91F9-3EED9E24AC82}.Debug|Any CPU.Build.0 = Debug|Any CPU
		{76AE11BA-2823-4C51-91F9-3EED9E24AC82}.Release|Any CPU.ActiveCfg = Release|Any CPU
		{76AE11BA-2823-4C51-91F9-3EED9E24AC82}.Release|Any CPU.Build.0 = Release|Any CPU
		{1D8A2D87-C21C-18E2-326E-0D321693B9E4}.Debug|Any CPU.ActiveCfg = Debug|Any CPU
		{1D8A2D87-C21C-18E2-326E-0D321693B9E4}.Debug|Any CPU.Build.0 = Debug|Any CPU
		{1D8A2D87-C21C-18E2-326E-0D321693B9E4}.Release|Any CPU.ActiveCfg = Release|Any CPU
		{1D8A2D87-C21C-18E2-326E-0D321693B9E4}.Release|Any CPU.Build.0 = Release|Any CPU
		{7D3A33F6-8F23-1777-4B32-09649A9131CC}.Debug|Any CPU.ActiveCfg = Debug|Any CPU
		{7D3A33F6-8F23-1777-4B32-09649A9131CC}.Debug|Any CPU.Build.0 = Debug|Any CPU
		{7D3A33F6-8F23-1777-4B32-09649A9131CC}.Release|Any CPU.ActiveCfg = Release|Any CPU
		{7D3A33F6-8F23-1777-4B32-09649A9131CC}.Release|Any CPU.Build.0 = Release|Any CPU
		{D6E79B92-0349-14DA-9C9B-55069D505C1E}.Debug|Any CPU.ActiveCfg = Debug|Any CPU
		{D6E79B92-0349-14DA-9C9B-55069D505C1E}.Debug|Any CPU.Build.0 = Debug|Any CPU
		{D6E79B92-0349-14DA-9C9B-55069D505C1E}.Release|Any CPU.ActiveCfg = Release|Any CPU
		{D6E79B92-0349-14DA-9C9B-55069D505C1E}.Release|Any CPU.Build.0 = Release|Any CPU
		{6D373065-DC0E-959D-A0A9-506668929C3E}.Debug|Any CPU.ActiveCfg = Debug|Any CPU
		{6D373065-DC0E-959D-A0A9-506668929C3E}.Debug|Any CPU.Build.0 = Debug|Any CPU
		{6D373065-DC0E-959D-A0A9-506668929C3E}.Release|Any CPU.ActiveCfg = Release|Any CPU
		{6D373065-DC0E-959D-A0A9-506668929C3E}.Release|Any CPU.Build.0 = Release|Any CPU
		{4FA8FF53-2D17-4DAE-A005-BD74F93C8128}.Debug|Any CPU.ActiveCfg = Debug|Any CPU
		{4FA8FF53-2D17-4DAE-A005-BD74F93C8128}.Debug|Any CPU.Build.0 = Debug|Any CPU
		{4FA8FF53-2D17-4DAE-A005-BD74F93C8128}.Release|Any CPU.ActiveCfg = Release|Any CPU
		{4FA8FF53-2D17-4DAE-A005-BD74F93C8128}.Release|Any CPU.Build.0 = Release|Any CPU
		{469E55CC-75D3-4E6D-B429-13F6EE4C4BCF}.Debug|Any CPU.ActiveCfg = Debug|Any CPU
		{469E55CC-75D3-4E6D-B429-13F6EE4C4BCF}.Debug|Any CPU.Build.0 = Debug|Any CPU
		{469E55CC-75D3-4E6D-B429-13F6EE4C4BCF}.Release|Any CPU.ActiveCfg = Release|Any CPU
		{469E55CC-75D3-4E6D-B429-13F6EE4C4BCF}.Release|Any CPU.Build.0 = Release|Any CPU
		{EC0292EA-A762-402F-8E21-C5EAFF3D01B5}.Debug|Any CPU.ActiveCfg = Debug|Any CPU
		{EC0292EA-A762-402F-8E21-C5EAFF3D01B5}.Debug|Any CPU.Build.0 = Debug|Any CPU
		{EC0292EA-A762-402F-8E21-C5EAFF3D01B5}.Release|Any CPU.ActiveCfg = Release|Any CPU
		{EC0292EA-A762-402F-8E21-C5EAFF3D01B5}.Release|Any CPU.Build.0 = Release|Any CPU
		{D3704B9F-366E-CA6D-331A-E6CFB4A2AD0E}.Debug|Any CPU.ActiveCfg = Debug|Any CPU
		{D3704B9F-366E-CA6D-331A-E6CFB4A2AD0E}.Debug|Any CPU.Build.0 = Debug|Any CPU
		{D3704B9F-366E-CA6D-331A-E6CFB4A2AD0E}.Release|Any CPU.ActiveCfg = Release|Any CPU
		{D3704B9F-366E-CA6D-331A-E6CFB4A2AD0E}.Release|Any CPU.Build.0 = Release|Any CPU
		{7D690F90-755F-47AB-8B8F-BF846F5496E6}.Debug|Any CPU.ActiveCfg = Debug|Any CPU
		{7D690F90-755F-47AB-8B8F-BF846F5496E6}.Debug|Any CPU.Build.0 = Debug|Any CPU
		{7D690F90-755F-47AB-8B8F-BF846F5496E6}.Release|Any CPU.ActiveCfg = Release|Any CPU
		{7D690F90-755F-47AB-8B8F-BF846F5496E6}.Release|Any CPU.Build.0 = Release|Any CPU
		{9EC573AD-F835-497B-9DCF-968613E51CF0}.Debug|Any CPU.ActiveCfg = Debug|Any CPU
		{9EC573AD-F835-497B-9DCF-968613E51CF0}.Debug|Any CPU.Build.0 = Debug|Any CPU
		{9EC573AD-F835-497B-9DCF-968613E51CF0}.Release|Any CPU.ActiveCfg = Release|Any CPU
		{9EC573AD-F835-497B-9DCF-968613E51CF0}.Release|Any CPU.Build.0 = Release|Any CPU
		{15921FAE-E490-43B8-9A6C-007CFEA286FE}.Debug|Any CPU.ActiveCfg = Debug|Any CPU
		{15921FAE-E490-43B8-9A6C-007CFEA286FE}.Debug|Any CPU.Build.0 = Debug|Any CPU
		{15921FAE-E490-43B8-9A6C-007CFEA286FE}.Release|Any CPU.ActiveCfg = Release|Any CPU
		{15921FAE-E490-43B8-9A6C-007CFEA286FE}.Release|Any CPU.Build.0 = Release|Any CPU
	EndGlobalSection
	GlobalSection(SolutionProperties) = preSolution
		HideSolutionNode = FALSE
	EndGlobalSection
	GlobalSection(NestedProjects) = preSolution
		{85B50E7E-5C6B-4880-9170-569E8157CC53} = {142E0533-693A-4D9B-8CB7-031F71D9CF68}
		{67A03C5E-4E15-A1B5-DBFD-9852A582DCD1} = {142E0533-693A-4D9B-8CB7-031F71D9CF68}
		{EF5EDFF7-7D92-78CB-306C-37FD02D1F647} = {142E0533-693A-4D9B-8CB7-031F71D9CF68}
		{9E01ABD0-A819-48BD-A132-1D32766E4ADA} = {53BA7B17-9DD4-43FD-BA83-5F459ED9BDE9}
		{3822E3DB-E19D-418A-ABD3-2FC0B7B0B2B1} = {9E01ABD0-A819-48BD-A132-1D32766E4ADA}
		{9E82FDDA-05A2-3D2F-D485-8EF27BCD1E3C} = {9E01ABD0-A819-48BD-A132-1D32766E4ADA}
		{80166C97-69BC-8C2A-A3F7-A8BF9B0A11DB} = {9E01ABD0-A819-48BD-A132-1D32766E4ADA}
		{E124BBA7-751B-4635-AADB-52A090957E15} = {9E01ABD0-A819-48BD-A132-1D32766E4ADA}
		{136FEEDB-CDDB-48C6-8ACB-2E6AD24FE1E2} = {53BA7B17-9DD4-43FD-BA83-5F459ED9BDE9}
		{32D632B0-1DDC-40A2-8183-E3F46388D8D9} = {136FEEDB-CDDB-48C6-8ACB-2E6AD24FE1E2}
		{5586335A-F870-469E-97F1-347A197D2735} = {136FEEDB-CDDB-48C6-8ACB-2E6AD24FE1E2}
		{415B311D-69F6-449E-8C01-149048EF0B73} = {53BA7B17-9DD4-43FD-BA83-5F459ED9BDE9}
		{7332BA97-2030-373E-3A03-E6A2EBE98EDD} = {415B311D-69F6-449E-8C01-149048EF0B73}
		{F8F472C3-8DFA-843D-B34F-BF8EB1AEC2D1} = {415B311D-69F6-449E-8C01-149048EF0B73}
		{BFB7E9BC-44F0-9B28-5838-C13215F745C5} = {415B311D-69F6-449E-8C01-149048EF0B73}
		{C38472D3-1A0C-4CC3-BB8A-CD2D6E373B5B} = {415B311D-69F6-449E-8C01-149048EF0B73}
		{7A683055-5F54-E68B-5323-3F62944210D6} = {02EA681E-C7D8-13C7-8484-4AC65E1B71E8}
		{39444393-9167-4D03-B1F5-37ADD2B62E2E} = {136FEEDB-CDDB-48C6-8ACB-2E6AD24FE1E2}
		{76AE11BA-2823-4C51-91F9-3EED9E24AC82} = {9E01ABD0-A819-48BD-A132-1D32766E4ADA}
		{1D8A2D87-C21C-18E2-326E-0D321693B9E4} = {136FEEDB-CDDB-48C6-8ACB-2E6AD24FE1E2}
		{7D3A33F6-8F23-1777-4B32-09649A9131CC} = {415B311D-69F6-449E-8C01-149048EF0B73}
		{D6E79B92-0349-14DA-9C9B-55069D505C1E} = {02EA681E-C7D8-13C7-8484-4AC65E1B71E8}
		{6D373065-DC0E-959D-A0A9-506668929C3E} = {02EA681E-C7D8-13C7-8484-4AC65E1B71E8}
		{4FA8FF53-2D17-4DAE-A005-BD74F93C8128} = {02EA681E-C7D8-13C7-8484-4AC65E1B71E8}
		{6C7138A0-DCF8-48CE-AB85-F22A72DED07C} = {53BA7B17-9DD4-43FD-BA83-5F459ED9BDE9}
		{469E55CC-75D3-4E6D-B429-13F6EE4C4BCF} = {6C7138A0-DCF8-48CE-AB85-F22A72DED07C}
		{EC0292EA-A762-402F-8E21-C5EAFF3D01B5} = {6C7138A0-DCF8-48CE-AB85-F22A72DED07C}
		{D3704B9F-366E-CA6D-331A-E6CFB4A2AD0E} = {6C7138A0-DCF8-48CE-AB85-F22A72DED07C}
		{7D690F90-755F-47AB-8B8F-BF846F5496E6} = {6C7138A0-DCF8-48CE-AB85-F22A72DED07C}
		{9EC573AD-F835-497B-9DCF-968613E51CF0} = {6C7138A0-DCF8-48CE-AB85-F22A72DED07C}
		{15921FAE-E490-43B8-9A6C-007CFEA286FE} = {136FEEDB-CDDB-48C6-8ACB-2E6AD24FE1E2}
	EndGlobalSection
	GlobalSection(ExtensibilityGlobals) = postSolution
		SolutionGuid = {CE566918-8763-4A9B-8563-593E205BA1B0}
	EndGlobalSection
EndGlobal
